{"version":4,"terraform_version":"1.10.5","serial":8,"lineage":"bb04908b-0b99-698b-3709-7c5908b92605","outputs":{},"resources":[{"mode":"managed","type":"okta_app_signon_policy","name":"catch_all_allow_test","provider":"provider[\"registry.opentofu.org/okta/okta\"]","instances":[]},{"mode":"managed","type":"okta_app_signon_policy","name":"catch_all_deny_test","provider":"provider[\"registry.opentofu.org/okta/okta\"]","instances":[{"schema_version":0,"attributes":{"catch_all":null,"default_rule_id":"rul11kfbfpgr311r5698","description":"","id":"rst11kfbfpf2IYbyl698","name":"SapleCatchAllRulePolicy","priority":1},"sensitive_attributes":[]}]},{"mode":"managed","type":"okta_app_signon_policy","name":"test_policy","provider":"provider[\"registry.opentofu.org/okta/okta\"]","instances":[{"schema_version":0,"attributes":{"catch_all":true,"default_rule_id":"rul11hvflwjxtXl2w698","description":"terraform destroy 403エラー検証用の認証ポリシー","id":"rst11hvflwiJllGd4698","name":"test-auth-policy","priority":1},"sensitive_attributes":[]}]}],"check_results":null}
