{
  "version": 4,
  "terraform_version": "1.14.1",
  "serial": 38,
  "lineage": "5c527bc1-1640-fda2-f1ea-8e6b2a508304",
  "outputs": {
    "bridge_app_client_id": {
      "value": "0oa129khu78mSaycH698",
      "type": "string"
    },
    "bridge_app_id": {
      "value": "0oa129khu78mSaycH698",
      "type": "string"
    },
    "bridge_policy_id": {
      "value": "rst129klgw8YK7B9u698",
      "type": "string"
    }
  },
  "resources": [
    {
      "mode": "data",
      "type": "okta_user",
      "name": "admins",
      "provider": "provider[\"registry.terraform.io/okta/okta\"]",
      "instances": [
        {
          "index_key": "maronn-infomation@maronn-room.com",
          "schema_version": 0,
          "attributes": {
            "admin_roles": [
              "SUPER_ADMIN"
            ],
            "city": null,
            "compound_search_operator": "and",
            "cost_center": null,
            "country_code": null,
            "custom_profile_attributes": "{}",
            "delay_read_seconds": null,
            "department": null,
            "display_name": null,
            "division": null,
            "email": "maronn-infomation@maronn-room.com",
            "employee_number": null,
            "first_name": "FUMIYA",
            "group_memberships": [
              "00gtuezbcd8PoUYuC697"
            ],
            "honorific_prefix": null,
            "honorific_suffix": null,
            "id": "00utuezbe28bgOa0a697",
            "last_name": "KURIMOTO",
            "locale": null,
            "login": "maronn-infomation@maronn-room.com",
            "manager": null,
            "manager_id": null,
            "middle_name": null,
            "mobile_phone": null,
            "nick_name": null,
            "organization": null,
            "postal_address": null,
            "preferred_language": null,
            "primary_phone": null,
            "profile_url": null,
            "realm_id": null,
            "roles": [
              "SUPER_ADMIN"
            ],
            "search": [
              {
                "comparison": "eq",
                "expression": "",
                "name": "profile.login",
                "value": "maronn-infomation@maronn-room.com"
              }
            ],
            "second_email": null,
            "skip_groups": false,
            "skip_roles": false,
            "state": null,
            "status": "ACTIVE",
            "street_address": null,
            "timezone": null,
            "title": null,
            "type": [
              {
                "id": "otytuezbcncStrOkQ697"
              }
            ],
            "user_id": null,
            "user_type": null,
            "zip_code": null
          },
          "sensitive_attributes": [],
          "identity_schema_version": 0
        }
      ]
    },
    {
      "mode": "managed",
      "type": "okta_app_oauth",
      "name": "bridge_app",
      "provider": "provider[\"registry.terraform.io/okta/okta\"]",
      "instances": [
        {
          "schema_version": 0,
          "attributes": {
            "accessibility_error_redirect_url": "",
            "accessibility_login_redirect_url": "",
            "accessibility_self_service": false,
            "admin_note": "",
            "app_links_json": null,
            "app_settings_json": "{\"app\":{},\"manualProvisioning\":false}",
            "authentication_policy": "rst129klgw8YK7B9u698",
            "auto_key_rotation": true,
            "auto_submit_toolbar": false,
            "client_basic_secret": null,
            "client_basic_secret_wo": null,
            "client_basic_secret_wo_version": null,
            "client_id": "0oa129khu78mSaycH698",
            "client_secret": null,
            "client_uri": "",
            "consent_method": "TRUSTED",
            "enduser_note": "",
            "frontchannel_logout_session_required": false,
            "frontchannel_logout_uri": "",
            "grant_types": [
              "authorization_code",
              "http://auth0.com/oauth/grant-type/mfa-oob",
              "urn:okta:params:oauth:grant-type:oob"
            ],
            "groups_claim": [],
            "hide_ios": true,
            "hide_web": true,
            "id": "0oa129khu78mSaycH698",
            "implicit_assignment": false,
            "issuer_mode": "ORG_URL",
            "jwks": [],
            "jwks_uri": "",
            "label": "CI/CD Bridge App (OOB Push)",
            "login_mode": "DISABLED",
            "login_scopes": null,
            "login_uri": "",
            "logo": null,
            "logo_uri": "",
            "logo_url": "https://ok14static.oktacdn.com/assets/img/logos/default.6770228fb0dab49a1695ef440a5279bb.png",
            "name": "oidc_client",
            "network": [],
            "omit_secret": false,
            "participate_slo": false,
            "pkce_required": true,
            "policy_uri": "",
            "post_logout_redirect_uris": null,
            "preconfigured_app": null,
            "profile": "",
            "redirect_uris": [
              "http://localhost:18080/callback"
            ],
            "refresh_token_leeway": 0,
            "refresh_token_rotation": "STATIC",
            "response_types": [
              "code"
            ],
            "sign_on_mode": "OPENID_CONNECT",
            "skip_authentication_policy": false,
            "status": "ACTIVE",
            "timeouts": null,
            "token_endpoint_auth_method": "none",
            "tos_uri": "",
            "type": "native",
            "user_name_template": "${source.login}",
            "user_name_template_push_status": "",
            "user_name_template_suffix": "",
            "user_name_template_type": "BUILT_IN",
            "wildcard_redirect": "DISABLED"
          },
          "sensitive_attributes": [
            [
              {
                "type": "get_attr",
                "value": "client_basic_secret"
              }
            ],
            [
              {
                "type": "get_attr",
                "value": "client_basic_secret_wo"
              }
            ],
            [
              {
                "type": "get_attr",
                "value": "client_secret"
              }
            ]
          ],
          "identity_schema_version": 0,
          "private": "eyJlMmJmYjczMC1lY2FhLTExZTYtOGY4OC0zNDM2M2JjN2M0YzAiOnsiY3JlYXRlIjozNjAwMDAwMDAwMDAwLCJyZWFkIjozNjAwMDAwMDAwMDAwLCJ1cGRhdGUiOjM2MDAwMDAwMDAwMDB9fQ==",
          "dependencies": [
            "okta_app_signon_policy.bridge_push_policy"
          ]
        }
      ]
    },
    {
      "mode": "managed",
      "type": "okta_app_oauth_api_scope",
      "name": "bridge_roles_manage",
      "provider": "provider[\"registry.terraform.io/okta/okta\"]",
      "instances": [
        {
          "schema_version": 0,
          "attributes": {
            "app_id": "0oa129khu78mSaycH698",
            "id": "0oa129khu78mSaycH698",
            "issuer": "https://integrator-9180109.okta.com",
            "scopes": [
              "okta.roles.manage"
            ]
          },
          "sensitive_attributes": [],
          "identity_schema_version": 0,
          "private": "bnVsbA==",
          "dependencies": [
            "okta_app_oauth.bridge_app",
            "okta_app_signon_policy.bridge_push_policy"
          ]
        }
      ]
    },
    {
      "mode": "managed",
      "type": "okta_app_signon_policy",
      "name": "bridge_push_policy",
      "provider": "provider[\"registry.terraform.io/okta/okta\"]",
      "instances": [
        {
          "schema_version": 0,
          "attributes": {
            "catch_all": true,
            "default_rule_id": "rul129klgw9oEKXjA698",
            "description": "Requires Okta Verify push notification for CI/CD JIT privilege flow",
            "id": "rst129klgw8YK7B9u698",
            "name": "CI/CD Bridge App (OOB Push) - Push Only",
            "priority": 1
          },
          "sensitive_attributes": [],
          "identity_schema_version": 0
        }
      ]
    },
    {
      "mode": "managed",
      "type": "okta_app_signon_policy_rule",
      "name": "deny_others",
      "provider": "provider[\"registry.terraform.io/okta/okta\"]",
      "instances": [
        {
          "schema_version": 0,
          "attributes": {
            "access": "DENY",
            "chains": null,
            "constraints": null,
            "custom_expression": null,
            "device_assurances_included": null,
            "device_is_managed": null,
            "device_is_registered": null,
            "factor_mode": "2FA",
            "groups_excluded": null,
            "groups_included": null,
            "id": "rul129kl95009aLLb698",
            "inactivity_period": null,
            "name": "Deny all other access",
            "network_connection": "ANYWHERE",
            "network_excludes": null,
            "network_includes": null,
            "platform_include": [],
            "policy_id": "rst129klgw8YK7B9u698",
            "priority": 98,
            "re_authentication_frequency": "PT2H",
            "risk_score": "ANY",
            "status": "ACTIVE",
            "system": false,
            "type": "ASSURANCE",
            "user_types_excluded": null,
            "user_types_included": null,
            "users_excluded": null,
            "users_included": null
          },
          "sensitive_attributes": [],
          "identity_schema_version": 0,
          "private": "bnVsbA==",
          "dependencies": [
            "okta_app_signon_policy.bridge_push_policy"
          ]
        }
      ]
    },
    {
      "mode": "managed",
      "type": "okta_app_signon_policy_rule",
      "name": "require_push",
      "provider": "provider[\"registry.terraform.io/okta/okta\"]",
      "instances": [
        {
          "schema_version": 0,
          "attributes": {
            "access": "ALLOW",
            "chains": null,
            "constraints": [
              "{}"
            ],
            "custom_expression": null,
            "device_assurances_included": null,
            "device_is_managed": null,
            "device_is_registered": null,
            "factor_mode": "1FA",
            "groups_excluded": null,
            "groups_included": null,
            "id": "rul129kg9sgF9N408698",
            "inactivity_period": null,
            "name": "Require Okta Verify Push",
            "network_connection": "ANYWHERE",
            "network_excludes": null,
            "network_includes": null,
            "platform_include": [],
            "policy_id": "rst129klgw8YK7B9u698",
            "priority": 1,
            "re_authentication_frequency": "PT0S",
            "risk_score": "ANY",
            "status": "ACTIVE",
            "system": false,
            "type": "ASSURANCE",
            "user_types_excluded": null,
            "user_types_included": null,
            "users_excluded": null,
            "users_included": null
          },
          "sensitive_attributes": [],
          "identity_schema_version": 0,
          "private": "bnVsbA==",
          "dependencies": [
            "okta_app_signon_policy.bridge_push_policy"
          ]
        }
      ]
    },
    {
      "mode": "managed",
      "type": "okta_app_user",
      "name": "bridge_admins",
      "provider": "provider[\"registry.terraform.io/okta/okta\"]",
      "instances": [
        {
          "index_key": "maronn-infomation@maronn-room.com",
          "schema_version": 0,
          "attributes": {
            "app_id": "0oa129khu78mSaycH698",
            "has_shared_username": false,
            "id": "00utuezbe28bgOa0a697",
            "password": null,
            "profile": "{\"birthdate\":null,\"country\":null,\"email\":\"maronn-infomation@maronn-room.com\",\"family_name\":\"KURIMOTO\",\"formatted\":null,\"gender\":null,\"given_name\":\"FUMIYA\",\"locale\":\"en_US\",\"locality\":null,\"middle_name\":null,\"name\":\"FUMIYA KURIMOTO\",\"nickname\":null,\"phone_number\":null,\"picture\":null,\"postal_code\":null,\"profile\":null,\"region\":null,\"street_address\":null,\"website\":null,\"zoneinfo\":\"America/Los_Angeles\"}",
            "retain_assignment": false,
            "user_id": "00utuezbe28bgOa0a697",
            "username": "maronn-infomation@maronn-room.com"
          },
          "sensitive_attributes": [
            [
              {
                "type": "get_attr",
                "value": "password"
              }
            ]
          ],
          "identity_schema_version": 0,
          "private": "bnVsbA==",
          "dependencies": [
            "data.okta_user.admins",
            "okta_app_oauth.bridge_app",
            "okta_app_signon_policy.bridge_push_policy"
          ]
        }
      ]
    }
  ],
  "check_results": null
}
